// !$*UTF8*$!
{
	archiveVersion = 1;
	classes = {
	};
	objectVersion = 46;
	objects = {

/* Begin PBXBuildFile section */
		6B7AC36A1DAF8CF100C95F07 /* CellTableViewCell.swift in Sources */ = {isa = PBXBuildFile; fileRef = 6B7AC3681DAF8CF100C95F07 /* CellTableViewCell.swift */; };
		6B7AC36B1DAF8CF100C95F07 /* CellTableViewCell.xib in Resources */ = {isa = PBXBuildFile; fileRef = 6B7AC3691DAF8CF100C95F07 /* CellTableViewCell.xib */; };
		6BC7FB7F1DACC1FE00A88467 /* AppDelegate.swift in Sources */ = {isa = PBXBuildFile; fileRef = 6BC7FB7E1DACC1FE00A88467 /* AppDelegate.swift */; };
		6BC7FB811DACC1FE00A88467 /* ViewController.swift in Sources */ = {isa = PBXBuildFile; fileRef = 6BC7FB801DACC1FE00A88467 /* ViewController.swift */; };
		6BC7FB841DACC1FE00A88467 /* Main.storyboard in Resources */ = {isa = PBXBuildFile; fileRef = 6BC7FB821DACC1FE00A88467 /* Main.storyboard */; };
		6BC7FB861DACC1FE00A88467 /* Assets.xcassets in Resources */ = {isa = PBXBuildFile; fileRef = 6BC7FB851DACC1FE00A88467 /* Assets.xcassets */; };
		6BC7FB891DACC1FE00A88467 /* LaunchScreen.storyboard in Resources */ = {isa = PBXBuildFile; fileRef = 6BC7FB871DACC1FE00A88467 /* LaunchScreen.storyboard */; };
		D0935BD53A6A645D1C274137 /* Pods_GroupedTest.framework in Frameworks */ = {isa = PBXBuildFile; fileRef = 32914914D4E7EA78704E42E2 /* Pods_GroupedTest.framework */; };
/* End PBXBuildFile section */

/* Begin PBXFileReference section */
		04FE317B2CD745F45D1CD72A /* Pods-GroupedTest.release.xcconfig */ = {isa = PBXFileReference; includeInIndex = 1; lastKnownFileType = text.xcconfig; name = "Pods-GroupedTest.release.xcconfig"; path = "Pods/Target Support Files/Pods-GroupedTest/Pods-GroupedTest.release.xcconfig"; sourceTree = "<group>"; };
		32914914D4E7EA78704E42E2 /* Pods_GroupedTest.framework */ = {isa = PBXFileReference; explicitFileType = wrapper.framework; includeInIndex = 0; path = Pods_GroupedTest.framework; sourceTree = BUILT_PRODUCTS_DIR; };
		6B7AC3681DAF8CF100C95F07 /* CellTableViewCell.swift */ = {isa = PBXFileReference; fileEncoding = 4; lastKnownFileType = sourcecode.swift; path = CellTableViewCell.swift; sourceTree = "<group>"; };
		6B7AC3691DAF8CF100C95F07 /* CellTableViewCell.xib */ = {isa = PBXFileReference; fileEncoding = 4; lastKnownFileType = file.xib; path = CellTableViewCell.xib; sourceTree = "<group>"; };
		6BC7FB7B1DACC1FE00A88467 /* GroupedTest.app */ = {isa = PBXFileReference; explicitFileType = wrapper.application; includeInIndex = 0; path = GroupedTest.app; sourceTree = BUILT_PRODUCTS_DIR; };
		6BC7FB7E1DACC1FE00A88467 /* AppDelegate.swift */ = {isa = PBXFileReference; lastKnownFileType = sourcecode.swift; path = AppDelegate.swift; sourceTree = "<group>"; };
		6BC7FB801DACC1FE00A88467 /* ViewController.swift */ = {isa = PBXFileReference; lastKnownFileType = sourcecode.swift; path = ViewController.swift; sourceTree = "<group>"; };
		6BC7FB831DACC1FE00A88467 /* Base */ = {isa = PBXFileReference; lastKnownFileType = file.storyboard; name = Base; path = Base.lproj/Main.storyboard; sourceTree = "<group>"; };
		6BC7FB851DACC1FE00A88467 /* Assets.xcassets */ = {isa = PBXFileReference; lastKnownFileType = folder.assetcatalog; path = Assets.xcassets; sourceTree = "<group>"; };
		6BC7FB881DACC1FE00A88467 /* Base */ = {isa = PBXFileReference; lastKnownFileType = file.storyboard; name = Base; path = Base.lproj/LaunchScreen.storyboard; sourceTree = "<group>"; };
		6BC7FB8A1DACC1FE00A88467 /* Info.plist */ = {isa = PBXFileReference; lastKnownFileType = text.plist.xml; path = Info.plist; sourceTree = "<group>"; };
		7D71FA6AF24C3081AD519ED4 /* Pods-GroupedTest.debug.xcconfig */ = {isa = PBXFileReference; includeInIndex = 1; lastKnownFileType = text.xcconfig; name = "Pods-GroupedTest.debug.xcconfig"; path = "Pods/Target Support Files/Pods-GroupedTest/Pods-GroupedTest.debug.xcconfig"; sourceTree = "<group>"; };
/* End PBXFileReference section */

/* Begin PBXFrameworksBuildPhase section */
		6BC7FB781DACC1FE00A88467 /* Frameworks */ = {
			isa = PBXFrameworksBuildPhase;
			buildActionMask = 2147483647;
			files = (
				D0935BD53A6A645D1C274137 /* Pods_GroupedTest.framework in Frameworks */,
			);
			runOnlyForDeploymentPostprocessing = 0;
		};
/* End PBXFrameworksBuildPhase section */

/* Begin PBXGroup section */
		6BC7FB721DACC1FE00A88467 = {
			isa = PBXGroup;
			children = (
				6BC7FB7D1DACC1FE00A88467 /* GroupedTest */,
				6BC7FB7C1DACC1FE00A88467 /* Products */,
				E3921371A70AFA11BEE8E628 /* Pods */,
				C5DD9B7B643B7725C3525F72 /* Frameworks */,
			);
			sourceTree = "<group>";
		};
		6BC7FB7C1DACC1FE00A88467 /* Products */ = {
			isa = PBXGroup;
			children = (
				6BC7FB7B1DACC1FE00A88467 /* GroupedTest.app */,
			);
			name = Products;
			sourceTree = "<group>";
		};
		6BC7FB7D1DACC1FE00A88467 /* GroupedTest */ = {
			isa = PBXGroup;
			children = (
				6BC7FB7E1DACC1FE00A88467 /* AppDelegate.swift */,
				6BC7FB801DACC1FE00A88467 /* ViewController.swift */,
				6B7AC3681DAF8CF100C95F07 /* CellTableViewCell.swift */,
				6B7AC3691DAF8CF100C95F07 /* CellTableViewCell.xib */,
				6BC7FB821DACC1FE00A88467 /* Main.storyboard */,
				6BC7FB851DACC1FE00A88467 /* Assets.xcassets */,
				6BC7FB871DACC1FE00A88467 /* LaunchScreen.storyboard */,
				6BC7FB8A1DACC1FE00A88467 /* Info.plist */,
			);
			path = GroupedTest;
			sourceTree = "<group>";
		};
		C5DD9B7B643B7725C3525F72 /* Frameworks */ = {
			isa = PBXGroup;
			children = (
				32914914D4E7EA78704E42E2 /* Pods_GroupedTest.framework */,
			);
			name = Frameworks;
			sourceTree = "<group>";
		};
		E3921371A70AFA11BEE8E628 /* Pods */ = {
			isa = PBXGroup;
			children = (
				7D71FA6AF24C3081AD519ED4 /* Pods-GroupedTest.debug.xcconfig */,
				04FE317B2CD745F45D1CD72A /* Pods-GroupedTest.release.xcconfig */,
			);
			name = Pods;
			sourceTree = "<group>";
		};
/* End PBXGroup section */

/* Begin PBXNativeTarget section */
		6BC7FB7A1DACC1FE00A88467 /* GroupedTest */ = {
			isa = PBXNativeTarget;
			buildConfigurationList = 6BC7FB8D1DACC1FE00A88467 /* Build configuration list for PBXNativeTarget "GroupedTest" */;
			buildPhases = (
				F50A2FBA64152CB14A02E9E8 /* [CP] Check Pods Manifest.lock */,
				6BC7FB771DACC1FE00A88467 /* Sources */,
				6BC7FB781DACC1FE00A88467 /* Frameworks */,
				6BC7FB791DACC1FE00A88467 /* Resources */,
				8CD45A0974B93FA9B40EB3A4 /* [CP] Embed Pods Frameworks */,
				D290F2F629980D48EAE4A38A /* [CP] Copy Pods Resources */,
			);
			buildRules = (
			);
			dependencies = (
			);
			name = GroupedTest;
			productName = GroupedTest;
			productReference = 6BC7FB7B1DACC1FE00A88467 /* GroupedTest.app */;
			productType = "com.apple.product-type.application";
		};
/* End PBXNativeTarget section */

/* Begin PBXProject section */
		6BC7FB731DACC1FE00A88467 /* Project object */ = {
			isa = PBXProject;
			attributes = {
				LastSwiftUpdateCheck = 0800;
				LastUpgradeCheck = 0800;
				ORGANIZATIONNAME = "Davide Vincenzi";
				TargetAttributes = {
					6BC7FB7A1DACC1FE00A88467 = {
						CreatedOnToolsVersion = 8.0;
						ProvisioningStyle = Automatic;
					};
				};
			};
			buildConfigurationList = 6BC7FB761DACC1FE00A88467 /* Build configuration list for PBXProject "GroupedTest" */;
			compatibilityVersion = "Xcode 3.2";
			developmentRegion = English;
			hasScannedForEncodings = 0;
			knownRegions = (
				en,
				Base,
			);
			mainGroup = 6BC7FB721DACC1FE00A88467;
			productRefGroup = 6BC7FB7C1DACC1FE00A88467 /* Products */;
			projectDirPath = "";
			projectRoot = "";
			targets = (
				6BC7FB7A1DACC1FE00A88467 /* GroupedTest */,
			);
		};
/* End PBXProject section */

/* Begin PBXResourcesBuildPhase section */
		6BC7FB791DACC1FE00A88467 /* Resources */ = {
			isa = PBXResourcesBuildPhase;
			buildActionMask = 2147483647;
			files = (
				6BC7FB891DACC1FE00A88467 /* LaunchScreen.storyboard in Resources */,
				6B7AC36B1DAF8CF100C95F07 /* CellTableViewCell.xib in Resources */,
				6BC7FB861DACC1FE00A88467 /* Assets.xcassets in Resources */,
				6BC7FB841DACC1FE00A88467 /* Main.storyboard in Resources */,
			);
			runOnlyForDeploymentPostprocessing = 0;
		};
/* End PBXResourcesBuildPhase section */

/* Begin PBXShellScriptBuildPhase section */
		8CD45A0974B93FA9B40EB3A4 /* [CP] Embed Pods Frameworks */ = {
			isa = PBXShellScriptBuildPhase;
			buildActionMask = 2147483647;
			files = (
			);
			inputPaths = (
			);
			name = "[CP] Embed Pods Frameworks";
			outputPaths = (
			);
			runOnlyForDeploymentPostprocessing = 0;
			shellPath = /bin/sh;
			shellScript = "\"${SRCROOT}/Pods/Target Support Files/Pods-GroupedTest/Pods-GroupedTest-frameworks.sh\"\n";
			showEnvVarsInLog = 0;
		};
		D290F2F629980D48EAE4A38A /* [CP] Copy Pods Resources */ = {
			isa = PBXShellScriptBuildPhase;
			buildActionMask = 2147483647;
			files = (
			);
			inputPaths = (
			);
			name = "[CP] Copy Pods Resources";
			outputPaths = (
			);
			runOnlyForDeploymentPostprocessing = 0;
			shellPath = /bin/sh;
			shellScript = "\"${SRCROOT}/Pods/Target Support Files/Pods-GroupedTest/Pods-GroupedTest-resources.sh\"\n";
			showEnvVarsInLog = 0;
		};
		F50A2FBA64152CB14A02E9E8 /* [CP] Check Pods Manifest.lock */ = {
			isa = PBXShellScriptBuildPhase;
			buildActionMask = 2147483647;
			files = (
			);
			inputPaths = (
			);
			name = "[CP] Check Pods Manifest.lock";
			outputPaths = (
			);
			runOnlyForDeploymentPostprocessing = 0;
			shellPath = /bin/sh;
			shellScript = "diff \"${PODS_ROOT}/../Podfile.lock\" \"${PODS_ROOT}/Manifest.lock\" > /dev/null\nif [[ $? != 0 ]] ; then\n    cat << EOM\nerror: The sandbox is not in sync with the Podfile.lock. Run 'pod install' or update your CocoaPods installation.\nEOM\n    exit 1\nfi\n";
			showEnvVarsInLog = 0;
		};
/* End PBXShellScriptBuildPhase section */

/* Begin PBXSourcesBuildPhase section */
		6BC7FB771DACC1FE00A88467 /* Sources */ = {
			isa = PBXSourcesBuildPhase;
			buildActionMask = 2147483647;
			files = (
				6B7AC36A1DAF8CF100C95F07 /* CellTableViewCell.swift in Sources */,
				6BC7FB811DACC1FE00A88467 /* ViewController.swift in Sources */,
				6BC7FB7F1DACC1FE00A88467 /* AppDelegate.swift in Sources */,
			);
			runOnlyForDeploymentPostprocessing = 0;
		};
/* End PBXSourcesBuildPhase section */

/* Begin PBXVariantGroup section */
		6BC7FB821DACC1FE00A88467 /* Main.storyboard */ = {
			isa = PBXVariantGroup;
			children = (
				6BC7FB831DACC1FE00A88467 /* Base */,
			);
			name = Main.storyboard;
			sourceTree = "<group>";
		};
		6BC7FB871DACC1FE00A88467 /* LaunchScreen.storyboard */ = {
			isa = PBXVariantGroup;
			children = (
				6BC7FB881DACC1FE00A88467 /* Base */,
			);
			name = LaunchScreen.storyboard;
			sourceTree = "<group>";
		};
/* End PBXVariantGroup section */

/* Begin XCBuildConfiguration section */
		6BC7FB8B1DACC1FE00A88467 /* Debug */ = {
			isa = XCBuildConfiguration;
			buildSettings = {
				ALWAYS_SEARCH_USER_PATHS = NO;
				CLANG_ANALYZER_NONNULL = YES;
				CLANG_CXX_LANGUAGE_STANDARD = "gnu++0x";
				CLANG_CXX_LIBRARY = "libc++";
				CLANG_ENABLE_MODULES = YES;
				CLANG_ENABLE_OBJC_ARC = YES;
				CLANG_WARN_BOOL_CONVERSION = YES;
				CLANG_WARN_CONSTANT_CONVERSION = YES;
				CLANG_WARN_DIRECT_OBJC_ISA_USAGE = YES_ERROR;
				CLANG_WARN_DOCUMENTATION_COMMENTS = YES;
				CLANG_WARN_EMPTY_BODY = YES;
				CLANG_WARN_ENUM_CONVERSION = YES;
				CLANG_WARN_INFINITE_RECURSION = YES;
				CLANG_WARN_INT_CONVERSION = YES;
				CLANG_WARN_OBJC_ROOT_CLASS = YES_ERROR;
				CLANG_WARN_SUSPICIOUS_MOVES = YES;
				CLANG_WARN_UNREACHABLE_CODE = YES;
				CLANG_WARN__DUPLICATE_METHOD_MATCH = YES;
				"CODE_SIGN_IDENTITY[sdk=iphoneos*]" = "iPhone Developer";
				COPY_PHASE_STRIP = NO;
				DEBUG_INFORMATION_FORMAT = dwarf;
				ENABLE_STRICT_OBJC_MSGSEND = YES;
				ENABLE_TESTABILITY = YES;
				GCC_C_LANGUAGE_STANDARD = gnu99;
				GCC_DYNAMIC_NO_PIC = NO;
				GCC_NO_COMMON_BLOCKS = YES;
				GCC_OPTIMIZATION_LEVEL = 0;
				GCC_PREPROCESSOR_DEFINITIONS = (
					"DEBUG=1",
					"$(inherited)",
				);
				GCC_WARN_64_TO_32_BIT_CONVERSION = YES;
				GCC_WARN_ABOUT_RETURN_TYPE = YES_ERROR;
				GCC_WARN_UNDECLARED_SELECTOR = YES;
				GCC_WARN_UNINITIALIZED_AUTOS = YES_AGGRESSIVE;
				GCC_WARN_UNUSED_FUNCTION = YES;
				GCC_WARN_UNUSED_VARIABLE = YES;
				IPHONEOS_DEPLOYMENT_TARGET = 10.0;
				MTL_ENABLE_DEBUG_INFO = YES;
				ONLY_ACTIVE_ARCH = YES;
				SDKROOT = iphoneos;
				SWIFT_ACTIVE_COMPILATION_CONDITIONS = DEBUG;
				SWIFT_OPTIMIZATION_LEVEL = "-Onone";
				TARGETED_DEVICE_FAMILY = "1,2";
			};
			name = Debug;
		};
		6BC7FB8C1DACC1FE00A88467 /* Release */ = {
			isa = XCBuildConfiguration;
			buildSettings = {
				ALWAYS_SEARCH_USER_PATHS = NO;
				CLANG_ANALYZER_NONNULL = YES;
				CLANG_CXX_LANGUAGE_STANDARD = "gnu++0x";
				CLANG_CXX_LIBRARY = "libc++";
				CLANG_ENABLE_MODULES = YES;
				CLANG_ENABLE_OBJC_ARC = YES;
				CLANG_WARN_BOOL_CONVERSION = YES;
				CLANG_WARN_CONSTANT_CONVERSION = YES;
				CLANG_WARN_DIRECT_OBJC_ISA_USAGE = YES_ERROR;
				CLANG_WARN_DOCUMENTATION_COMMENTS = YES;
				CLANG_WARN_EMPTY_BODY = YES;
				CLANG_WARN_ENUM_CONVERSION = YES;
				CLANG_WARN_INFINITE_RECURSION = YES;
				CLANG_WARN_INT_CONVERSION = YES;
				CLANG_WARN_OBJC_ROOT_CLASS = YES_ERROR;
				CLANG_WARN_SUSPICIOUS_MOVES = YES;
				CLANG_WARN_UNREACHABLE_CODE = YES;
				CLANG_WARN__DUPLICATE_METHOD_MATCH = YES;
				"CODE_SIGN_IDENTITY[sdk=iphoneos*]" = "iPhone Developer";
				COPY_PHASE_STRIP = NO;
				DEBUG_INFORMATION_FORMAT = "dwarf-with-dsym";
				ENABLE_NS_ASSERTIONS = NO;
				ENABLE_STRICT_OBJC_MSGSEND = YES;
				GCC_C_LANGUAGE_STANDARD = gnu99;
				GCC_NO_COMMON_BLOCKS = YES;
				GCC_WARN_64_TO_32_BIT_CONVERSION = YES;
				GCC_WARN_ABOUT_RETURN_TYPE = YES_ERROR;
				GCC_WARN_UNDECLARED_SELECTOR = YES;
				GCC_WARN_UNINITIALIZED_AUTOS = YES_AGGRESSIVE;
				GCC_WARN_UNUSED_FUNCTION = YES;
				GCC_WARN_UNUSED_VARIABLE = YES;
				IPHONEOS_DEPLOYMENT_TARGET = 10.0;
				MTL_ENABLE_DEBUG_INFO = NO;
				SDKROOT = iphoneos;
				SWIFT_OPTIMIZATION_LEVEL = "-Owholemodule";
				TARGETED_DEVICE_FAMILY = "1,2";
				VALIDATE_PRODUCT = YES;
			};
			name = Release;
		};
		6BC7FB8E1DACC1FE00A88467 /* Debug */ = {
			isa = XCBuildConfiguration;
			baseConfigurationReference = 7D71FA6AF24C3081AD519ED4 /* Pods-GroupedTest.debug.xcconfig */;
			buildSettings = {
				ASSETCATALOG_COMPILER_APPICON_NAME = AppIcon;
				INFOPLIST_FILE = GroupedTest/Info.plist;
				LD_RUNPATH_SEARCH_PATHS = "$(inherited) @executable_path/Frameworks";
				PRODUCT_BUNDLE_IDENTIFIER = com.augmentedworks.GroupedTest;
				PRODUCT_NAME = "$(TARGET_NAME)";
				SWIFT_VERSION = 3.0;
			};
			name = Debug;
		};
		6BC7FB8F1DACC1FE00A88467 /* Release */ = {
			isa = XCBuildConfiguration;
			baseConfigurationReference = 04FE317B2CD745F45D1CD72A /* Pods-GroupedTest.release.xcconfig */;
			buildSettings = {
				ASSETCATALOG_COMPILER_APPICON_NAME = AppIcon;
				INFOPLIST_FILE = GroupedTest/Info.plist;
				LD_RUNPATH_SEARCH_PATHS = "$(inherited) @executable_path/Frameworks";
				PRODUCT_BUNDLE_IDENTIFIER = com.augmentedworks.GroupedTest;
				PRODUCT_NAME = "$(TARGET_NAME)";
				SWIFT_VERSION = 3.0;
			};
			name = Release;
		};
/* End XCBuildConfiguration section */

/* Begin XCConfigurationList section */
		6BC7FB761DACC1FE00A88467 /* Build configuration list for PBXProject "GroupedTest" */ = {
			isa = XCConfigurationList;
			buildConfigurations = (
				6BC7FB8B1DACC1FE00A88467 /* Debug */,
				6BC7FB8C1DACC1FE00A88467 /* Release */,
			);
			defaultConfigurationIsVisible = 0;
			defaultConfigurationName = Release;
		};
		6BC7FB8D1DACC1FE00A88467 /* Build configuration list for PBXNativeTarget "GroupedTest" */ = {
			isa = XCConfigurationList;
			buildConfigurations = (
				6BC7FB8E1DACC1FE00A88467 /* Debug */,
				6BC7FB8F1DACC1FE00A88467 /* Release */,
			);
			defaultConfigurationIsVisible = 0;
			defaultConfigurationName = Release;
		};
/* End XCConfigurationList section */
	};
	rootObject = 6BC7FB731DACC1FE00A88467 /* Project object */;
}
